
Microsoft Visual Studio Solution File, Format Version 12.00
# Visual Studio Version 16
VisualStudioVersion = 16.0.30803.129
MinimumVisualStudioVersion = 10.0.40219.1
Project("{9A19103F-16F7-4668-BE54-9A1E7A4F7556}") = "DangerZoneHackerTracker", "DangerZoneHackerTracker.csproj", "{488C6BC4-9DFA-4FCF-BE56-C5163ECC7ADF}"
	ProjectSection(ProjectDependencies) = postProject
		{F45FD6BB-45BC-45C7-AD8B-F723C55DAE7A} = {F45FD6BB-45BC-45C7-AD8B-F723C55DAE7A}
	EndProjectSection
EndProject
Project("{9A19103F-16F7-4668-BE54-9A1E7A4F7556}") = "Notifications.Wpf.Core", "Notifications.Wpf.Core\Notifications.Wpf.Core.csproj", "{F45FD6BB-45BC-45C7-AD8B-F723C55DAE7A}"
EndProject
Global
	GlobalSection(SolutionConfigurationPlatforms) = preSolution
		Debug|Any CPU = Debug|Any CPU
		Debug|x64 = Debug|x64
		Debug|x86 = Debug|x86
		Release|Any CPU = Release|Any CPU
		Release|x64 = Release|x64
		Release|x86 = Release|x86
	EndGlobalSection
	GlobalSection(ProjectConfigurationPlatforms) = postSolution
		{488C6BC4-9DFA-4FCF-BE56-C5163ECC7ADF}.Debug|Any CPU.ActiveCfg = Debug|Any CPU
		{488C6BC4-9DFA-4FCF-BE56-C5163ECC7ADF}.Debug|Any CPU.Build.0 = Debug|Any CPU
		{488C6BC4-9DFA-4FCF-BE56-C5163ECC7ADF}.Debug|x64.ActiveCfg = Debug|x64
		{488C6BC4-9DFA-4FCF-BE56-C5163ECC7ADF}.Debug|x64.Build.0 = Debug|x64
		{488C6BC4-9DFA-4FCF-BE56-C5163ECC7ADF}.Debug|x86.ActiveCfg = Debug|x86
		{488C6BC4-9DFA-4FCF-BE56-C5163ECC7ADF}.Debug|x86.Build.0 = Debug|x86
		{488C6BC4-9DFA-4FCF-BE56-C5163ECC7ADF}.Release|Any CPU.ActiveCfg = Release|Any CPU
		{488C6BC4-9DFA-4FCF-BE56-C5163ECC7ADF}.Release|Any CPU.Build.0 = Release|Any CPU
		{488C6BC4-9DFA-4FCF-BE56-C5163ECC7ADF}.Release|x64.ActiveCfg = Release|x64
		{488C6BC4-9DFA-4FCF-BE56-C5163ECC7ADF}.Release|x64.Build.0 = Release|x64
		{488C6BC4-9DFA-4FCF-BE56-C5163ECC7ADF}.Release|x86.ActiveCfg = Release|x86
		{488C6BC4-9DFA-4FCF-BE56-C5163ECC7ADF}.Release|x86.Build.0 = Release|x86
		{F45FD6BB-45BC-45C7-AD8B-F723C55DAE7A}.Debug|Any CPU.ActiveCfg = Debug|Any CPU
		{F45FD6BB-45BC-45C7-AD8B-F723C55DAE7A}.Debug|Any CPU.Build.0 = Debug|Any CPU
		{F45FD6BB-45BC-45C7-AD8B-F723C55DAE7A}.Debug|x64.ActiveCfg = Debug|Any CPU
		{F45FD6BB-45BC-45C7-AD8B-F723C55DAE7A}.Debug|x64.Build.0 = Debug|Any CPU
		{F45FD6BB-45BC-45C7-AD8B-F723C55DAE7A}.Debug|x86.ActiveCfg = Debug|Any CPU
		{F45FD6BB-45BC-45C7-AD8B-F723C55DAE7A}.Debug|x86.Build.0 = Debug|Any CPU
		{F45FD6BB-45BC-45C7-AD8B-F723C55DAE7A}.Release|Any CPU.ActiveCfg = Release|Any CPU
		{F45FD6BB-45BC-45C7-AD8B-F723C55DAE7A}.Release|Any CPU.Build.0 = Release|Any CPU
		{F45FD6BB-45BC-45C7-AD8B-F723C55DAE7A}.Release|x64.ActiveCfg = Release|Any CPU
		{F45FD6BB-45BC-45C7-AD8B-F723C55DAE7A}.Release|x64.Build.0 = Release|Any CPU
		{F45FD6BB-45BC-45C7-AD8B-F723C55DAE7A}.Release|x86.ActiveCfg = Release|Any CPU
		{F45FD6BB-45BC-45C7-AD8B-F723C55DAE7A}.Release|x86.Build.0 = Release|Any CPU
	EndGlobalSection
	GlobalSection(SolutionProperties) = preSolution
		HideSolutionNode = FALSE
	EndGlobalSection
	GlobalSection(ExtensibilityGlobals) = postSolution
		SolutionGuid = {4A0BA862-A560-4764-89F0-111D5175B29E}
	EndGlobalSection
EndGlobal
