
Microsoft Visual Studio Solution File, Format Version 12.00
# Visual Studio Version 16
VisualStudioVersion = 16.0.30413.136
MinimumVisualStudioVersion = 10.0.40219.1
Project("{9A19103F-16F7-4668-BE54-9A1E7A4F7556}") = "DangerZoneHackerTracker", "DangerZoneHackerTracker.csproj", "{3478931C-862A-43CD-A7EF-F9C6F7EAFB60}"
EndProject
Project("{9A19103F-16F7-4668-BE54-9A1E7A4F7556}") = "Notifications.Wpf.Core", "Notifications.Wpf.Core\Notifications.Wpf.Core.csproj", "{D6807651-DDD0-45F8-A2A7-CB1D6377E0A2}"
EndProject
Global
	GlobalSection(SolutionConfigurationPlatforms) = preSolution
		Debug|Any CPU = Debug|Any CPU
		Release|Any CPU = Release|Any CPU
	EndGlobalSection
	GlobalSection(ProjectConfigurationPlatforms) = postSolution
		{3478931C-862A-43CD-A7EF-F9C6F7EAFB60}.Debug|Any CPU.ActiveCfg = Debug|Any CPU
		{3478931C-862A-43CD-A7EF-F9C6F7EAFB60}.Debug|Any CPU.Build.0 = Debug|Any CPU
		{3478931C-862A-43CD-A7EF-F9C6F7EAFB60}.Release|Any CPU.ActiveCfg = Release|Any CPU
		{3478931C-862A-43CD-A7EF-F9C6F7EAFB60}.Release|Any CPU.Build.0 = Release|Any CPU
		{D6807651-DDD0-45F8-A2A7-CB1D6377E0A2}.Debug|Any CPU.ActiveCfg = Debug|Any CPU
		{D6807651-DDD0-45F8-A2A7-CB1D6377E0A2}.Debug|Any CPU.Build.0 = Debug|Any CPU
		{D6807651-DDD0-45F8-A2A7-CB1D6377E0A2}.Release|Any CPU.ActiveCfg = Release|Any CPU
		{D6807651-DDD0-45F8-A2A7-CB1D6377E0A2}.Release|Any CPU.Build.0 = Release|Any CPU
	EndGlobalSection
	GlobalSection(SolutionProperties) = preSolution
		HideSolutionNode = FALSE
	EndGlobalSection
	GlobalSection(ExtensibilityGlobals) = postSolution
		SolutionGuid = {431AA256-741D-4C83-B721-D455E57C31FD}
	EndGlobalSection
EndGlobal
